
Microsoft Visual Studio Solution File, Format Version 11.00
# Visual Studio 2010
Project("{2150E333-8FDC-42A3-9474-1A3956D46DE8}") = "Tamu", "Tamu", "{5B1D21D3-D044-4FE6-B931-ECD274F4263A}"
EndProject
Project("{2150E333-8FDC-42A3-9474-1A3956D46DE8}") = "GeoInnovation", "GeoInnovation", "{BEC77F92-E25A-4795-875F-22D26F8A9D80}"
EndProject
Project("{2150E333-8FDC-42A3-9474-1A3956D46DE8}") = "BuildTools", "BuildTools", "{5690006B-FE95-4129-9FEA-23A8EF5FBFB7}"
EndProject
Project("{FAE04EC0-301F-11D3-BF4B-00C04F79EFBC}") = "BuildTools.BuildTasks", "src\Main\BuildTools.BuildTasks.csproj", "{5F466B61-156E-4494-9D10-42329BC8EA27}"
EndProject
Global
	GlobalSection(SolutionConfigurationPlatforms) = preSolution
		Debug|Any CPU = Debug|Any CPU
		Debug|x86 = Debug|x86
		Release|Any CPU = Release|Any CPU
		Release|x86 = Release|x86
	EndGlobalSection
	GlobalSection(ProjectConfigurationPlatforms) = postSolution
		{5F466B61-156E-4494-9D10-42329BC8EA27}.Debug|Any CPU.ActiveCfg = Debug|Any CPU
		{5F466B61-156E-4494-9D10-42329BC8EA27}.Debug|Any CPU.Build.0 = Debug|Any CPU
		{5F466B61-156E-4494-9D10-42329BC8EA27}.Debug|x86.ActiveCfg = Debug|Any CPU
		{5F466B61-156E-4494-9D10-42329BC8EA27}.Release|Any CPU.ActiveCfg = Release|Any CPU
		{5F466B61-156E-4494-9D10-42329BC8EA27}.Release|Any CPU.Build.0 = Release|Any CPU
		{5F466B61-156E-4494-9D10-42329BC8EA27}.Release|x86.ActiveCfg = Release|Any CPU
	EndGlobalSection
	GlobalSection(SolutionProperties) = preSolution
		HideSolutionNode = FALSE
	EndGlobalSection
	GlobalSection(NestedProjects) = preSolution
		{BEC77F92-E25A-4795-875F-22D26F8A9D80} = {5B1D21D3-D044-4FE6-B931-ECD274F4263A}
		{5690006B-FE95-4129-9FEA-23A8EF5FBFB7} = {BEC77F92-E25A-4795-875F-22D26F8A9D80}
		{5F466B61-156E-4494-9D10-42329BC8EA27} = {5690006B-FE95-4129-9FEA-23A8EF5FBFB7}
	EndGlobalSection
EndGlobal
